
Microsoft Visual Studio Solution File, Format Version 12.00
# Visual Studio Version 16
VisualStudioVersion = 16.0.30804.86
MinimumVisualStudioVersion = 10.0.40219.1
Project("{FAE04EC0-301F-11D3-BF4B-00C04F79EFBC}") = "BTD6 Pontoon In Shop", "BTD6 Pontoon In Shop\BTD6 Pontoon In Shop.csproj", "{2982F4DB-9570-45AE-B6C6-B1806D22D76D}"
EndProject
Global
	GlobalSection(SolutionConfigurationPlatforms) = preSolution
		Debug|Any CPU = Debug|Any CPU
		Release|Any CPU = Release|Any CPU
	EndGlobalSection
	GlobalSection(ProjectConfigurationPlatforms) = postSolution
		{2982F4DB-9570-45AE-B6C6-B1806D22D76D}.Debug|Any CPU.ActiveCfg = Debug|Any CPU
		{2982F4DB-9570-45AE-B6C6-B1806D22D76D}.Debug|Any CPU.Build.0 = Debug|Any CPU
		{2982F4DB-9570-45AE-B6C6-B1806D22D76D}.Release|Any CPU.ActiveCfg = Release|Any CPU
		{2982F4DB-9570-45AE-B6C6-B1806D22D76D}.Release|Any CPU.Build.0 = Release|Any CPU
	EndGlobalSection
	GlobalSection(SolutionProperties) = preSolution
		HideSolutionNode = FALSE
	EndGlobalSection
	GlobalSection(ExtensibilityGlobals) = postSolution
		SolutionGuid = {3F0634E4-9FCF-4361-81BD-2CEEBFCC5FF0}
	EndGlobalSection
EndGlobal
